<?xml version="1.0"?>
<!DOCTYPE CodeBlocks_project_file>
<CodeBlocks_project_file>
	<FileVersion major="1" minor="1"/>
	<Project>
		<Option title="blib"/>
		<Option makefile="Makefile"/>
		<Option makefile_is_custom="0"/>
		<Option compiler="0"/>
		<Build>
			<Target title="default">
				<Option output="..\lib\blib.a"/>
				<Option working_dir=""/>
				<Option object_output=".objs"/>
				<Option deps_output=".deps"/>
				<Option type="2"/>
				<Option compiler="0"/>
				<Option projectResourceIncludeDirsRelation="2"/>
				<Compiler>
					<Add directory="..\blib"/>
				</Compiler>
			</Target>
		</Build>
		<Unit filename="..\blib\FileTools.hpp">
			<Option compilerVar=""/>
			<Option compile="0"/>
			<Option link="0"/>
			<Option target="default"/>
		</Unit>
		<Unit filename="..\blib\StringTools.hpp">
			<Option compilerVar=""/>
			<Option compile="0"/>
			<Option link="0"/>
			<Option target="default"/>
		</Unit>
		<Unit filename="..\blib\app.hpp">
			<Option compilerVar=""/>
			<Option compile="0"/>
			<Option link="0"/>
			<Option target="default"/>
		</Unit>
		<Unit filename="..\blib\definitions.hpp">
			<Option compilerVar=""/>
			<Option compile="0"/>
			<Option link="0"/>
			<Option target="default"/>
		</Unit>
		<Unit filename="..\blib\error.hpp">
			<Option compilerVar=""/>
			<Option compile="0"/>
			<Option link="0"/>
			<Option target="default"/>
		</Unit>
		<Unit filename="..\blib\make.hpp">
			<Option compilerVar=""/>
			<Option compile="0"/>
			<Option link="0"/>
			<Option target="default"/>
		</Unit>
		<Unit filename="..\blib\object.hpp">
			<Option compilerVar=""/>
			<Option compile="0"/>
			<Option link="0"/>
			<Option target="default"/>
		</Unit>
		<Unit filename="..\blib\socket.hpp">
			<Option compilerVar=""/>
			<Option compile="0"/>
			<Option link="0"/>
			<Option target="default"/>
		</Unit>
		<Unit filename="..\src\FileTools.cpp">
			<Option compilerVar="CPP"/>
			<Option target="default"/>
		</Unit>
		<Unit filename="..\src\StringTools.cpp">
			<Option compilerVar="CPP"/>
			<Option target="default"/>
		</Unit>
		<Unit filename="..\src\error.cpp">
			<Option compilerVar="CPP"/>
			<Option target="default"/>
		</Unit>
		<Unit filename="..\src\make.cpp">
			<Option compilerVar="CPP"/>
			<Option target="default"/>
		</Unit>
		<Unit filename="..\src\socket.cpp">
			<Option compilerVar="CPP"/>
			<Option target="default"/>
		</Unit>
	</Project>
</CodeBlocks_project_file>
